results/spp/H3K27ac_cell_lines/SRR1983933-H3K27ac_2.spp.result
results/spp/H3K27ac_cell_lines/SRR5823948-OVCAR-H3K27ac.spp.result
results/spp/H3K27ac_cell_lines/SRR5823949-SKOV-H3K27ac.spp.result
results/spp/H3K27ac_cell_lines/SRR1983924-H3K27ac_1.spp.result
results/spp/H3K27ac_cell_lines/SRR1983925-H3K27ac_2.spp.result
results/spp/H3K27ac_cell_lines/SRR1983932-H3K27ac_1.spp.result
results/spp/H3K27ac_cell_lines/SRR1983928-input_2.spp.result
results/spp/H3K27ac_cell_lines/SRR1983929-input_1.spp.result
results/spp/H3K27ac_cell_lines/SRR1983936-input_2.spp.result
results/spp/H3K27ac_cell_lines/SRR1983937-input_1.spp.result
results/bwa/H3K27ac_cell_lines/SRR1983933-H3K27ac_2.sorted.bam.bai
results/bwa/H3K27ac_cell_lines/SRR5823948-OVCAR-H3K27ac.sorted.bam.bai
results/bwa/H3K27ac_cell_lines/SRR5823949-SKOV-H3K27ac.sorted.bam.bai
results/bwa/H3K27ac_cell_lines/SRR1983924-H3K27ac_1.sorted.bam.bai
results/bwa/H3K27ac_cell_lines/SRR1983925-H3K27ac_2.sorted.bam.bai
results/bwa/H3K27ac_cell_lines/SRR1983932-H3K27ac_1.sorted.bam.bai
results/bwa/H3K27ac_cell_lines/SRR1983928-input_2.sorted.bam.bai
results/bwa/H3K27ac_cell_lines/SRR1983929-input_1.sorted.bam.bai
results/bwa/H3K27ac_cell_lines/SRR1983936-input_2.sorted.bam.bai
results/bwa/H3K27ac_cell_lines/SRR1983937-input_1.sorted.bam.bai
genomes/repeats/bwa/hg38_ercc_all_repbase.bwa.amb
genomes/repeats/bwa/hg38_ercc_all_repbase.bwa.amb
genomes/repeats/bwa/hg38_ercc_all_repbase.bwa.amb
genomes/repeats/bwa/hg38_ercc_all_repbase.bwa.amb
genomes/repeats/bwa/hg38_ercc_all_repbase.bwa.amb
genomes/repeats/bwa/hg38_ercc_all_repbase.bwa.amb
genomes/repeats/bwa/hg38_ercc_all_repbase.bwa.amb
genomes/repeats/bwa/hg38_ercc_all_repbase.bwa.amb
genomes/repeats/bwa/hg38_ercc_all_repbase.bwa.amb
genomes/repeats/bwa/hg38_ercc_all_repbase.bwa.amb
results/fastqc/H3K27ac_cell_lines/SRR1983933-H3K27ac_2_pass_fastqc.html
results/fastqc/H3K27ac_cell_lines/SRR5823948-OVCAR-H3K27ac_pass_fastqc.html
results/fastqc/H3K27ac_cell_lines/SRR5823949-SKOV-H3K27ac_pass_fastqc.html
results/fastqc/H3K27ac_cell_lines/SRR1983924-H3K27ac_1_pass_fastqc.html
results/fastqc/H3K27ac_cell_lines/SRR1983925-H3K27ac_2_pass_fastqc.html
results/fastqc/H3K27ac_cell_lines/SRR1983932-H3K27ac_1_pass_fastqc.html
results/fastqc/H3K27ac_cell_lines/SRR1983928-input_2_pass_fastqc.html
results/fastqc/H3K27ac_cell_lines/SRR1983929-input_1_pass_fastqc.html
results/fastqc/H3K27ac_cell_lines/SRR1983936-input_2_pass_fastqc.html
results/fastqc/H3K27ac_cell_lines/SRR1983937-input_1_pass_fastqc.html
results/bwa/H3K27ac_cell_lines/SRR5823949-SKOV-H3K27ac.sorted.rmdup.bam
raw_files/fastq/H3K27ac_cell_lines/SRR5823948-OVCAR-H3K27ac_pass.fastq.gz
raw_files/fastq/H3K27ac_cell_lines/SRR5823949-SKOV-H3K27ac_pass.fastq.gz
results/bwa/H3K27ac_cell_lines/SRR1983936-input_2.sorted.rmdup.bam
results/bwa/H3K27ac_cell_lines/SRR1983932-H3K27ac_1.sorted.rmdup.bam
results/bwa/H3K27ac_cell_lines/SRR1983925-H3K27ac_2.sorted.rmdup.bam
results/bwa/H3K27ac_cell_lines/SRR1983933-H3K27ac_2.sorted.rmdup.bam
results/bwa/H3K27ac_cell_lines/SRR1983937-input_1.sorted.rmdup.bam
results/bwa/H3K27ac_cell_lines/SRR1983929-input_1.sorted.bam
raw_files/fastq/H3K27ac_cell_lines/SRR1983932-H3K27ac_1_pass.fastq.gz
results/bwa/H3K27ac_cell_lines/SRR1983937-input_1.sorted.bam
results/bwa/H3K27ac_cell_lines/SRR1983924-H3K27ac_1.sorted.bam
raw_files/fastq/H3K27ac_cell_lines/SRR1983937-input_1_pass.fastq.gz
raw_files/fastq/H3K27ac_cell_lines/SRR1983924-H3K27ac_1_pass.fastq.gz
results/bwa/H3K27ac_cell_lines/SRR5823949-SKOV-H3K27ac.sorted.bam
results/bwa/H3K27ac_cell_lines/SRR1983933-H3K27ac_2.sorted.bam
results/bwa/H3K27ac_cell_lines/SRR1983925-H3K27ac_2.sorted.bam
results/bwa/H3K27ac_cell_lines/SRR1983932-H3K27ac_1.sorted.bam
raw_files/fastq/H3K27ac_cell_lines/SRR1983929-input_1_pass.fastq.gz
raw_files/fastq/H3K27ac_cell_lines/SRR1983928-input_2_pass.fastq.gz
results/bwa/H3K27ac_cell_lines/SRR1983928-input_2.sorted.rmdup.bam
results/bwa/H3K27ac_cell_lines/SRR1983936-input_2.sorted.bam
raw_files/fastq/H3K27ac_cell_lines/SRR1983936-input_2_pass.fastq.gz
results/bwa/H3K27ac_cell_lines/SRR1983928-input_2.sorted.bam
results/bwa/H3K27ac_cell_lines/SRR5823948-OVCAR-H3K27ac.sorted.rmdup.bam
results/bwa/H3K27ac_cell_lines/SRR5823948-OVCAR-H3K27ac.sorted.bam
results/bwa/H3K27ac_cell_lines/SRR1983929-input_1.sorted.rmdup.bam
raw_files/fastq/H3K27ac_cell_lines/SRR1983925-H3K27ac_2_pass.fastq.gz
results/bwa/H3K27ac_cell_lines/SRR1983924-H3K27ac_1.sorted.rmdup.bam
raw_files/fastq/H3K27ac_cell_lines/SRR1983933-H3K27ac_2_pass.fastq.gz
results/bwa/H3K27ac_cell_lines/SRR5823949-SKOV-H3K27ac.sorted.bam
results/bwa/H3K27ac_cell_lines/SRR5823949-SKOV-H3K27ac.sorted.bam.bai
results/bwa/H3K27ac_cell_lines/SRR1983936-input_2.sorted.bam
results/bwa/H3K27ac_cell_lines/SRR1983936-input_2.sorted.bam.bai
results/bwa/H3K27ac_cell_lines/SRR1983932-H3K27ac_1.sorted.bam
results/bwa/H3K27ac_cell_lines/SRR1983932-H3K27ac_1.sorted.bam.bai
results/bwa/H3K27ac_cell_lines/SRR1983925-H3K27ac_2.sorted.bam
results/bwa/H3K27ac_cell_lines/SRR1983925-H3K27ac_2.sorted.bam.bai
results/bwa/H3K27ac_cell_lines/SRR1983933-H3K27ac_2.sorted.bam
results/bwa/H3K27ac_cell_lines/SRR1983933-H3K27ac_2.sorted.bam.bai
results/bwa/H3K27ac_cell_lines/SRR1983937-input_1.sorted.bam
results/bwa/H3K27ac_cell_lines/SRR1983937-input_1.sorted.bam.bai
results/bwa/H3K27ac_cell_lines/SRR1983929-input_1.sam
results/bwa/H3K27ac_cell_lines/SRR1983937-input_1.sam
results/bwa/H3K27ac_cell_lines/SRR1983924-H3K27ac_1.sam
results/bwa/H3K27ac_cell_lines/SRR5823949-SKOV-H3K27ac.sam
results/bwa/H3K27ac_cell_lines/SRR1983933-H3K27ac_2.sam
results/bwa/H3K27ac_cell_lines/SRR1983925-H3K27ac_2.sam
results/bwa/H3K27ac_cell_lines/SRR1983932-H3K27ac_1.sam
results/bwa/H3K27ac_cell_lines/SRR1983928-input_2.sorted.bam
results/bwa/H3K27ac_cell_lines/SRR1983928-input_2.sorted.bam.bai
results/bwa/H3K27ac_cell_lines/SRR1983936-input_2.sam
results/bwa/H3K27ac_cell_lines/SRR1983928-input_2.sam
results/bwa/H3K27ac_cell_lines/SRR5823948-OVCAR-H3K27ac.sorted.bam
results/bwa/H3K27ac_cell_lines/SRR5823948-OVCAR-H3K27ac.sorted.bam.bai
results/bwa/H3K27ac_cell_lines/SRR5823948-OVCAR-H3K27ac.sam
results/bwa/H3K27ac_cell_lines/SRR1983929-input_1.sorted.bam
results/bwa/H3K27ac_cell_lines/SRR1983929-input_1.sorted.bam.bai
results/bwa/H3K27ac_cell_lines/SRR1983924-H3K27ac_1.sorted.bam
results/bwa/H3K27ac_cell_lines/SRR1983924-H3K27ac_1.sorted.bam.bai
results/bwa/H3K27ac_cell_lines/SRR1983929-input_1.sai
raw_files/fastq/H3K27ac_cell_lines/SRR1983929-input_1_pass.fastq.gz
results/bwa/H3K27ac_cell_lines/SRR1983937-input_1.sai
raw_files/fastq/H3K27ac_cell_lines/SRR1983937-input_1_pass.fastq.gz
results/bwa/H3K27ac_cell_lines/SRR1983924-H3K27ac_1.sai
raw_files/fastq/H3K27ac_cell_lines/SRR1983924-H3K27ac_1_pass.fastq.gz
results/bwa/H3K27ac_cell_lines/SRR5823949-SKOV-H3K27ac.sai
raw_files/fastq/H3K27ac_cell_lines/SRR5823949-SKOV-H3K27ac_pass.fastq.gz
results/bwa/H3K27ac_cell_lines/SRR1983933-H3K27ac_2.sai
raw_files/fastq/H3K27ac_cell_lines/SRR1983933-H3K27ac_2_pass.fastq.gz
results/bwa/H3K27ac_cell_lines/SRR1983925-H3K27ac_2.sai
raw_files/fastq/H3K27ac_cell_lines/SRR1983925-H3K27ac_2_pass.fastq.gz
results/bwa/H3K27ac_cell_lines/SRR1983932-H3K27ac_1.sai
raw_files/fastq/H3K27ac_cell_lines/SRR1983932-H3K27ac_1_pass.fastq.gz
results/bwa/H3K27ac_cell_lines/SRR1983936-input_2.sai
raw_files/fastq/H3K27ac_cell_lines/SRR1983936-input_2_pass.fastq.gz
results/bwa/H3K27ac_cell_lines/SRR1983928-input_2.sai
raw_files/fastq/H3K27ac_cell_lines/SRR1983928-input_2_pass.fastq.gz
results/bwa/H3K27ac_cell_lines/SRR5823948-OVCAR-H3K27ac.sai
raw_files/fastq/H3K27ac_cell_lines/SRR5823948-OVCAR-H3K27ac_pass.fastq.gz
raw_files/fastq/H3K27ac_cell_lines/SRR1983929-input_1_pass.fastq.gz
results/fastqc/H3K27ac_cell_lines/SRR1983929-input_1_pass_fastqc.html
raw_files/fastq/H3K27ac_cell_lines/SRR1983937-input_1_pass.fastq.gz
results/fastqc/H3K27ac_cell_lines/SRR1983937-input_1_pass_fastqc.html
raw_files/fastq/H3K27ac_cell_lines/SRR1983924-H3K27ac_1_pass.fastq.gz
results/fastqc/H3K27ac_cell_lines/SRR1983924-H3K27ac_1_pass_fastqc.html
raw_files/fastq/H3K27ac_cell_lines/SRR5823949-SKOV-H3K27ac_pass.fastq.gz
results/fastqc/H3K27ac_cell_lines/SRR5823949-SKOV-H3K27ac_pass_fastqc.html
raw_files/fastq/H3K27ac_cell_lines/SRR1983933-H3K27ac_2_pass.fastq.gz
results/fastqc/H3K27ac_cell_lines/SRR1983933-H3K27ac_2_pass_fastqc.html
raw_files/fastq/H3K27ac_cell_lines/SRR1983925-H3K27ac_2_pass.fastq.gz
results/fastqc/H3K27ac_cell_lines/SRR1983925-H3K27ac_2_pass_fastqc.html
raw_files/fastq/H3K27ac_cell_lines/SRR1983932-H3K27ac_1_pass.fastq.gz
results/fastqc/H3K27ac_cell_lines/SRR1983932-H3K27ac_1_pass_fastqc.html
raw_files/fastq/H3K27ac_cell_lines/SRR1983936-input_2_pass.fastq.gz
results/fastqc/H3K27ac_cell_lines/SRR1983936-input_2_pass_fastqc.html
raw_files/fastq/H3K27ac_cell_lines/SRR1983928-input_2_pass.fastq.gz
results/fastqc/H3K27ac_cell_lines/SRR1983928-input_2_pass_fastqc.html
raw_files/fastq/H3K27ac_cell_lines/SRR5823948-OVCAR-H3K27ac_pass.fastq.gz
results/fastqc/H3K27ac_cell_lines/SRR5823948-OVCAR-H3K27ac_pass_fastqc.html
