results/spp/H3K27ac_cell_lines/SRR5823949-SKOV-H3K27ac.spp.result
results/fastqc/H3K27ac_cell_lines/SRR5823948-OVCAR-H3K27ac_pass_fastqc.html
results/fastqc/H3K27ac_cell_lines/SRR5823948-OVCAR-H3K27ac_pass_fastqc.zip
results/fastqc/H3K27ac_cell_lines/SRR5823949-SKOV-H3K27ac_pass_fastqc.html
results/fastqc/H3K27ac_cell_lines/SRR5823949-SKOV-H3K27ac_pass_fastqc.zip
results/spp/H3K27ac_cell_lines/SRR1983936-input_2.spp.result
results/spp/H3K27ac_cell_lines/SRR1983932-H3K27ac_1.spp.result
results/spp/H3K27ac_cell_lines/SRR1983925-H3K27ac_2.spp.result
results/spp/H3K27ac_cell_lines/SRR1983933-H3K27ac_2.spp.result
results/spp/H3K27ac_cell_lines/SRR1983937-input_1.spp.result
results/bwa/H3K27ac_cell_lines/SRR1983929-input_1.sorted.bam.bai
results/fastqc/H3K27ac_cell_lines/SRR1983932-H3K27ac_1_pass_fastqc.html
results/fastqc/H3K27ac_cell_lines/SRR1983932-H3K27ac_1_pass_fastqc.zip
results/bwa/H3K27ac_cell_lines/SRR1983937-input_1.sorted.bam.bai
results/bwa/H3K27ac_cell_lines/SRR1983924-H3K27ac_1.sorted.bam.bai
results/fastqc/H3K27ac_cell_lines/SRR1983937-input_1_pass_fastqc.html
results/fastqc/H3K27ac_cell_lines/SRR1983937-input_1_pass_fastqc.zip
results/fastqc/H3K27ac_cell_lines/SRR1983924-H3K27ac_1_pass_fastqc.html
results/fastqc/H3K27ac_cell_lines/SRR1983924-H3K27ac_1_pass_fastqc.zip
results/bwa/H3K27ac_cell_lines/SRR5823949-SKOV-H3K27ac.sorted.bam.bai
results/bwa/H3K27ac_cell_lines/SRR1983933-H3K27ac_2.sorted.bam.bai
results/bwa/H3K27ac_cell_lines/SRR1983925-H3K27ac_2.sorted.bam.bai
results/bwa/H3K27ac_cell_lines/SRR1983932-H3K27ac_1.sorted.bam.bai
results/fastqc/H3K27ac_cell_lines/SRR1983929-input_1_pass_fastqc.html
results/fastqc/H3K27ac_cell_lines/SRR1983929-input_1_pass_fastqc.zip
results/fastqc/H3K27ac_cell_lines/SRR1983928-input_2_pass_fastqc.html
results/fastqc/H3K27ac_cell_lines/SRR1983928-input_2_pass_fastqc.zip
results/spp/H3K27ac_cell_lines/SRR1983928-input_2.spp.result
results/bwa/H3K27ac_cell_lines/SRR1983936-input_2.sorted.bam.bai
results/bwa/H3K27ac_cell_lines/SRR1983928-input_2.sorted.bam.bai
results/spp/H3K27ac_cell_lines/SRR5823948-OVCAR-H3K27ac.spp.result
results/bwa/H3K27ac_cell_lines/SRR5823948-OVCAR-H3K27ac.sorted.bam.bai
results/spp/H3K27ac_cell_lines/SRR1983929-input_1.spp.result
results/fastqc/H3K27ac_cell_lines/SRR1983925-H3K27ac_2_pass_fastqc.html
results/fastqc/H3K27ac_cell_lines/SRR1983925-H3K27ac_2_pass_fastqc.zip
results/spp/H3K27ac_cell_lines/SRR1983924-H3K27ac_1.spp.result
results/fastqc/H3K27ac_cell_lines/SRR1983933-H3K27ac_2_pass_fastqc.html
results/fastqc/H3K27ac_cell_lines/SRR1983933-H3K27ac_2_pass_fastqc.zip
results/bwa/H3K27ac_cell_lines/SRR5823949-SKOV-H3K27ac.sorted.rmdup.bam
results/bwa/H3K27ac_cell_lines/SRR5823949-SKOV-H3K27ac.sorted.rmdupmet.bam
results/bwa/H3K27ac_cell_lines/SRR1983936-input_2.sorted.rmdup.bam
results/bwa/H3K27ac_cell_lines/SRR1983936-input_2.sorted.rmdupmet.bam
results/bwa/H3K27ac_cell_lines/SRR1983932-H3K27ac_1.sorted.rmdup.bam
results/bwa/H3K27ac_cell_lines/SRR1983932-H3K27ac_1.sorted.rmdupmet.bam
results/bwa/H3K27ac_cell_lines/SRR1983925-H3K27ac_2.sorted.rmdup.bam
results/bwa/H3K27ac_cell_lines/SRR1983925-H3K27ac_2.sorted.rmdupmet.bam
results/bwa/H3K27ac_cell_lines/SRR1983933-H3K27ac_2.sorted.rmdup.bam
results/bwa/H3K27ac_cell_lines/SRR1983933-H3K27ac_2.sorted.rmdupmet.bam
results/bwa/H3K27ac_cell_lines/SRR1983937-input_1.sorted.rmdup.bam
results/bwa/H3K27ac_cell_lines/SRR1983937-input_1.sorted.rmdupmet.bam
results/bwa/H3K27ac_cell_lines/SRR1983929-input_1.sorted.bam
results/bwa/H3K27ac_cell_lines/SRR1983937-input_1.sorted.bam
results/bwa/H3K27ac_cell_lines/SRR1983924-H3K27ac_1.sorted.bam
results/bwa/H3K27ac_cell_lines/SRR5823949-SKOV-H3K27ac.sorted.bam
results/bwa/H3K27ac_cell_lines/SRR1983933-H3K27ac_2.sorted.bam
results/bwa/H3K27ac_cell_lines/SRR1983925-H3K27ac_2.sorted.bam
results/bwa/H3K27ac_cell_lines/SRR1983932-H3K27ac_1.sorted.bam
results/bwa/H3K27ac_cell_lines/SRR1983928-input_2.sorted.rmdup.bam
results/bwa/H3K27ac_cell_lines/SRR1983928-input_2.sorted.rmdupmet.bam
results/bwa/H3K27ac_cell_lines/SRR1983936-input_2.sorted.bam
results/bwa/H3K27ac_cell_lines/SRR1983928-input_2.sorted.bam
results/bwa/H3K27ac_cell_lines/SRR5823948-OVCAR-H3K27ac.sorted.rmdup.bam
results/bwa/H3K27ac_cell_lines/SRR5823948-OVCAR-H3K27ac.sorted.rmdupmet.bam
results/bwa/H3K27ac_cell_lines/SRR5823948-OVCAR-H3K27ac.sorted.bam
results/bwa/H3K27ac_cell_lines/SRR1983929-input_1.sorted.rmdup.bam
results/bwa/H3K27ac_cell_lines/SRR1983929-input_1.sorted.rmdupmet.bam
results/bwa/H3K27ac_cell_lines/SRR1983924-H3K27ac_1.sorted.rmdup.bam
results/bwa/H3K27ac_cell_lines/SRR1983924-H3K27ac_1.sorted.rmdupmet.bam
results/bwa/H3K27ac_cell_lines/SRR1983929-input_1.sam
results/bwa/H3K27ac_cell_lines/SRR1983937-input_1.sam
results/bwa/H3K27ac_cell_lines/SRR1983924-H3K27ac_1.sam
results/bwa/H3K27ac_cell_lines/SRR5823949-SKOV-H3K27ac.sam
results/bwa/H3K27ac_cell_lines/SRR1983933-H3K27ac_2.sam
results/bwa/H3K27ac_cell_lines/SRR1983925-H3K27ac_2.sam
results/bwa/H3K27ac_cell_lines/SRR1983932-H3K27ac_1.sam
results/bwa/H3K27ac_cell_lines/SRR1983936-input_2.sam
results/bwa/H3K27ac_cell_lines/SRR1983928-input_2.sam
results/bwa/H3K27ac_cell_lines/SRR5823948-OVCAR-H3K27ac.sam
results/bwa/H3K27ac_cell_lines/SRR1983929-input_1.sai
results/bwa/H3K27ac_cell_lines/SRR1983937-input_1.sai
results/bwa/H3K27ac_cell_lines/SRR1983924-H3K27ac_1.sai
results/bwa/H3K27ac_cell_lines/SRR5823949-SKOV-H3K27ac.sai
results/bwa/H3K27ac_cell_lines/SRR1983933-H3K27ac_2.sai
results/bwa/H3K27ac_cell_lines/SRR1983925-H3K27ac_2.sai
results/bwa/H3K27ac_cell_lines/SRR1983932-H3K27ac_1.sai
results/bwa/H3K27ac_cell_lines/SRR1983936-input_2.sai
results/bwa/H3K27ac_cell_lines/SRR1983928-input_2.sai
results/bwa/H3K27ac_cell_lines/SRR5823948-OVCAR-H3K27ac.sai
